// !$*UTF8*$!
{
	archiveVersion = 1;
	classes = {
	};
	objectVersion = 46;
	objects = {

/* Begin PBXBuildFile section */
		84D9BA0F1EC36F58009042CB /* AppDelegate.swift in Sources */ = {isa = PBXBuildFile; fileRef = 84D9BA0E1EC36F58009042CB /* AppDelegate.swift */; };
		84D9BA111EC36F58009042CB /* MRLoginVC.swift in Sources */ = {isa = PBXBuildFile; fileRef = 84D9BA101EC36F58009042CB /* MRLoginVC.swift */; };
		84D9BA141EC36F58009042CB /* Main.storyboard in Resources */ = {isa = PBXBuildFile; fileRef = 84D9BA121EC36F58009042CB /* Main.storyboard */; };
		84D9BA171EC36F58009042CB /* MyRecharge.xcdatamodeld in Sources */ = {isa = PBXBuildFile; fileRef = 84D9BA151EC36F58009042CB /* MyRecharge.xcdatamodeld */; };
		84D9BA191EC36F58009042CB /* Assets.xcassets in Resources */ = {isa = PBXBuildFile; fileRef = 84D9BA181EC36F58009042CB /* Assets.xcassets */; };
		84D9BA1C1EC36F58009042CB /* LaunchScreen.storyboard in Resources */ = {isa = PBXBuildFile; fileRef = 84D9BA1A1EC36F58009042CB /* LaunchScreen.storyboard */; };
		84D9BA271EC36F59009042CB /* MyRechargeTests.swift in Sources */ = {isa = PBXBuildFile; fileRef = 84D9BA261EC36F59009042CB /* MyRechargeTests.swift */; };
		84D9BA321EC36F59009042CB /* MyRechargeUITests.swift in Sources */ = {isa = PBXBuildFile; fileRef = 84D9BA311EC36F59009042CB /* MyRechargeUITests.swift */; };
		84D9BA461EC37A9A009042CB /* Bolts.framework in Frameworks */ = {isa = PBXBuildFile; fileRef = 84D9BA431EC37A9A009042CB /* Bolts.framework */; };
		84D9BA471EC37A9A009042CB /* Bolts.framework in Embed Frameworks */ = {isa = PBXBuildFile; fileRef = 84D9BA431EC37A9A009042CB /* Bolts.framework */; settings = {ATTRIBUTES = (CodeSignOnCopy, RemoveHeadersOnCopy, ); }; };
		84D9BA481EC37A9A009042CB /* FBSDKCoreKit.framework in Frameworks */ = {isa = PBXBuildFile; fileRef = 84D9BA441EC37A9A009042CB /* FBSDKCoreKit.framework */; };
		84D9BA491EC37A9A009042CB /* FBSDKCoreKit.framework in Embed Frameworks */ = {isa = PBXBuildFile; fileRef = 84D9BA441EC37A9A009042CB /* FBSDKCoreKit.framework */; settings = {ATTRIBUTES = (CodeSignOnCopy, RemoveHeadersOnCopy, ); }; };
		84D9BA4A1EC37A9A009042CB /* FBSDKLoginKit.framework in Frameworks */ = {isa = PBXBuildFile; fileRef = 84D9BA451EC37A9A009042CB /* FBSDKLoginKit.framework */; };
		84D9BA4B1EC37A9A009042CB /* FBSDKLoginKit.framework in Embed Frameworks */ = {isa = PBXBuildFile; fileRef = 84D9BA451EC37A9A009042CB /* FBSDKLoginKit.framework */; settings = {ATTRIBUTES = (CodeSignOnCopy, RemoveHeadersOnCopy, ); }; };
		84D9BA501EC37D65009042CB /* MRDatabase.swift in Sources */ = {isa = PBXBuildFile; fileRef = 84D9BA4F1EC37D65009042CB /* MRDatabase.swift */; };
		84D9BA531EC393D0009042CB /* MRPreferences.swift in Sources */ = {isa = PBXBuildFile; fileRef = 84D9BA521EC393D0009042CB /* MRPreferences.swift */; };
/* End PBXBuildFile section */

/* Begin PBXContainerItemProxy section */
		84D9BA231EC36F59009042CB /* PBXContainerItemProxy */ = {
			isa = PBXContainerItemProxy;
			containerPortal = 84D9BA031EC36F57009042CB /* Project object */;
			proxyType = 1;
			remoteGlobalIDString = 84D9BA0A1EC36F58009042CB;
			remoteInfo = MyRecharge;
		};
		84D9BA2E1EC36F59009042CB /* PBXContainerItemProxy */ = {
			isa = PBXContainerItemProxy;
			containerPortal = 84D9BA031EC36F57009042CB /* Project object */;
			proxyType = 1;
			remoteGlobalIDString = 84D9BA0A1EC36F58009042CB;
			remoteInfo = MyRecharge;
		};
/* End PBXContainerItemProxy section */

/* Begin PBXCopyFilesBuildPhase section */
		84D9BA4C1EC37A9A009042CB /* Embed Frameworks */ = {
			isa = PBXCopyFilesBuildPhase;
			buildActionMask = 2147483647;
			dstPath = "";
			dstSubfolderSpec = 10;
			files = (
				84D9BA471EC37A9A009042CB /* Bolts.framework in Embed Frameworks */,
				84D9BA491EC37A9A009042CB /* FBSDKCoreKit.framework in Embed Frameworks */,
				84D9BA4B1EC37A9A009042CB /* FBSDKLoginKit.framework in Embed Frameworks */,
			);
			name = "Embed Frameworks";
			runOnlyForDeploymentPostprocessing = 0;
		};
/* End PBXCopyFilesBuildPhase section */

/* Begin PBXFileReference section */
		84D9BA0B1EC36F58009042CB /* MyRecharge.app */ = {isa = PBXFileReference; explicitFileType = wrapper.application; includeInIndex = 0; path = MyRecharge.app; sourceTree = BUILT_PRODUCTS_DIR; };
		84D9BA0E1EC36F58009042CB /* AppDelegate.swift */ = {isa = PBXFileReference; lastKnownFileType = sourcecode.swift; path = AppDelegate.swift; sourceTree = "<group>"; };
		84D9BA101EC36F58009042CB /* MRLoginVC.swift */ = {isa = PBXFileReference; lastKnownFileType = sourcecode.swift; path = MRLoginVC.swift; sourceTree = "<group>"; };
		84D9BA131EC36F58009042CB /* Base */ = {isa = PBXFileReference; lastKnownFileType = file.storyboard; name = Base; path = Base.lproj/Main.storyboard; sourceTree = "<group>"; };
		84D9BA161EC36F58009042CB /* MyRecharge.xcdatamodel */ = {isa = PBXFileReference; lastKnownFileType = wrapper.xcdatamodel; path = MyRecharge.xcdatamodel; sourceTree = "<group>"; };
		84D9BA181EC36F58009042CB /* Assets.xcassets */ = {isa = PBXFileReference; lastKnownFileType = folder.assetcatalog; path = Assets.xcassets; sourceTree = "<group>"; };
		84D9BA1B1EC36F58009042CB /* Base */ = {isa = PBXFileReference; lastKnownFileType = file.storyboard; name = Base; path = Base.lproj/LaunchScreen.storyboard; sourceTree = "<group>"; };
		84D9BA1D1EC36F58009042CB /* Info.plist */ = {isa = PBXFileReference; lastKnownFileType = text.plist.xml; path = Info.plist; sourceTree = "<group>"; };
		84D9BA221EC36F59009042CB /* MyRechargeTests.xctest */ = {isa = PBXFileReference; explicitFileType = wrapper.cfbundle; includeInIndex = 0; path = MyRechargeTests.xctest; sourceTree = BUILT_PRODUCTS_DIR; };
		84D9BA261EC36F59009042CB /* MyRechargeTests.swift */ = {isa = PBXFileReference; lastKnownFileType = sourcecode.swift; path = MyRechargeTests.swift; sourceTree = "<group>"; };
		84D9BA281EC36F59009042CB /* Info.plist */ = {isa = PBXFileReference; lastKnownFileType = text.plist.xml; path = Info.plist; sourceTree = "<group>"; };
		84D9BA2D1EC36F59009042CB /* MyRechargeUITests.xctest */ = {isa = PBXFileReference; explicitFileType = wrapper.cfbundle; includeInIndex = 0; path = MyRechargeUITests.xctest; sourceTree = BUILT_PRODUCTS_DIR; };
		84D9BA311EC36F59009042CB /* MyRechargeUITests.swift */ = {isa = PBXFileReference; lastKnownFileType = sourcecode.swift; path = MyRechargeUITests.swift; sourceTree = "<group>"; };
		84D9BA331EC36F59009042CB /* Info.plist */ = {isa = PBXFileReference; lastKnownFileType = text.plist.xml; path = Info.plist; sourceTree = "<group>"; };
		84D9BA431EC37A9A009042CB /* Bolts.framework */ = {isa = PBXFileReference; lastKnownFileType = wrapper.framework; name = Bolts.framework; path = MyRecharge/FBSDK/Bolts.framework; sourceTree = "<group>"; };
		84D9BA441EC37A9A009042CB /* FBSDKCoreKit.framework */ = {isa = PBXFileReference; lastKnownFileType = wrapper.framework; name = FBSDKCoreKit.framework; path = MyRecharge/FBSDK/FBSDKCoreKit.framework; sourceTree = "<group>"; };
		84D9BA451EC37A9A009042CB /* FBSDKLoginKit.framework */ = {isa = PBXFileReference; lastKnownFileType = wrapper.framework; name = FBSDKLoginKit.framework; path = MyRecharge/FBSDK/FBSDKLoginKit.framework; sourceTree = "<group>"; };
		84D9BA4D1EC37B27009042CB /* MyRecharge-Bridging-Header.h */ = {isa = PBXFileReference; fileEncoding = 4; lastKnownFileType = sourcecode.c.h; path = "MyRecharge-Bridging-Header.h"; sourceTree = "<group>"; };
		84D9BA4F1EC37D65009042CB /* MRDatabase.swift */ = {isa = PBXFileReference; fileEncoding = 4; lastKnownFileType = sourcecode.swift; path = MRDatabase.swift; sourceTree = "<group>"; };
		84D9BA521EC393D0009042CB /* MRPreferences.swift */ = {isa = PBXFileReference; fileEncoding = 4; lastKnownFileType = sourcecode.swift; path = MRPreferences.swift; sourceTree = "<group>"; };
/* End PBXFileReference section */

/* Begin PBXFrameworksBuildPhase section */
		84D9BA081EC36F58009042CB /* Frameworks */ = {
			isa = PBXFrameworksBuildPhase;
			buildActionMask = 2147483647;
			files = (
				84D9BA461EC37A9A009042CB /* Bolts.framework in Frameworks */,
				84D9BA481EC37A9A009042CB /* FBSDKCoreKit.framework in Frameworks */,
				84D9BA4A1EC37A9A009042CB /* FBSDKLoginKit.framework in Frameworks */,
			);
			runOnlyForDeploymentPostprocessing = 0;
		};
		84D9BA1F1EC36F59009042CB /* Frameworks */ = {
			isa = PBXFrameworksBuildPhase;
			buildActionMask = 2147483647;
			files = (
			);
			runOnlyForDeploymentPostprocessing = 0;
		};
		84D9BA2A1EC36F59009042CB /* Frameworks */ = {
			isa = PBXFrameworksBuildPhase;
			buildActionMask = 2147483647;
			files = (
			);
			runOnlyForDeploymentPostprocessing = 0;
		};
/* End PBXFrameworksBuildPhase section */

/* Begin PBXGroup section */
		84D9BA021EC36F57009042CB = {
			isa = PBXGroup;
			children = (
				84D9BA421EC379B3009042CB /* FBSDK */,
				84D9BA0D1EC36F58009042CB /* MyRecharge */,
				84D9BA251EC36F59009042CB /* MyRechargeTests */,
				84D9BA301EC36F59009042CB /* MyRechargeUITests */,
				84D9BA0C1EC36F58009042CB /* Products */,
			);
			sourceTree = "<group>";
		};
		84D9BA0C1EC36F58009042CB /* Products */ = {
			isa = PBXGroup;
			children = (
				84D9BA0B1EC36F58009042CB /* MyRecharge.app */,
				84D9BA221EC36F59009042CB /* MyRechargeTests.xctest */,
				84D9BA2D1EC36F59009042CB /* MyRechargeUITests.xctest */,
			);
			name = Products;
			sourceTree = "<group>";
		};
		84D9BA0D1EC36F58009042CB /* MyRecharge */ = {
			isa = PBXGroup;
			children = (
				84D9BA511EC393AE009042CB /* Preference */,
				84D9BA4E1EC37D38009042CB /* DB */,
				84D9BA401EC36F95009042CB /* Model */,
				84D9BA3F1EC36F8F009042CB /* UI */,
				84D9BA411EC36F9E009042CB /* Resources */,
			);
			path = MyRecharge;
			sourceTree = "<group>";
		};
		84D9BA251EC36F59009042CB /* MyRechargeTests */ = {
			isa = PBXGroup;
			children = (
				84D9BA261EC36F59009042CB /* MyRechargeTests.swift */,
				84D9BA281EC36F59009042CB /* Info.plist */,
			);
			path = MyRechargeTests;
			sourceTree = "<group>";
		};
		84D9BA301EC36F59009042CB /* MyRechargeUITests */ = {
			isa = PBXGroup;
			children = (
				84D9BA311EC36F59009042CB /* MyRechargeUITests.swift */,
				84D9BA331EC36F59009042CB /* Info.plist */,
			);
			path = MyRechargeUITests;
			sourceTree = "<group>";
		};
		84D9BA3F1EC36F8F009042CB /* UI */ = {
			isa = PBXGroup;
			children = (
				84D9BA101EC36F58009042CB /* MRLoginVC.swift */,
			);
			name = UI;
			sourceTree = "<group>";
		};
		84D9BA401EC36F95009042CB /* Model */ = {
			isa = PBXGroup;
			children = (
			);
			name = Model;
			sourceTree = "<group>";
		};
		84D9BA411EC36F9E009042CB /* Resources */ = {
			isa = PBXGroup;
			children = (
				84D9BA0E1EC36F58009042CB /* AppDelegate.swift */,
				84D9BA121EC36F58009042CB /* Main.storyboard */,
				84D9BA181EC36F58009042CB /* Assets.xcassets */,
				84D9BA1A1EC36F58009042CB /* LaunchScreen.storyboard */,
				84D9BA1D1EC36F58009042CB /* Info.plist */,
				84D9BA151EC36F58009042CB /* MyRecharge.xcdatamodeld */,
				84D9BA4D1EC37B27009042CB /* MyRecharge-Bridging-Header.h */,
			);
			name = Resources;
			sourceTree = "<group>";
		};
		84D9BA421EC379B3009042CB /* FBSDK */ = {
			isa = PBXGroup;
			children = (
				84D9BA431EC37A9A009042CB /* Bolts.framework */,
				84D9BA441EC37A9A009042CB /* FBSDKCoreKit.framework */,
				84D9BA451EC37A9A009042CB /* FBSDKLoginKit.framework */,
			);
			name = FBSDK;
			sourceTree = "<group>";
		};
		84D9BA4E1EC37D38009042CB /* DB */ = {
			isa = PBXGroup;
			children = (
				84D9BA4F1EC37D65009042CB /* MRDatabase.swift */,
			);
			name = DB;
			sourceTree = "<group>";
		};
		84D9BA511EC393AE009042CB /* Preference */ = {
			isa = PBXGroup;
			children = (
				84D9BA521EC393D0009042CB /* MRPreferences.swift */,
			);
			name = Preference;
			sourceTree = "<group>";
		};
/* End PBXGroup section */

/* Begin PBXNativeTarget section */
		84D9BA0A1EC36F58009042CB /* MyRecharge */ = {
			isa = PBXNativeTarget;
			buildConfigurationList = 84D9BA361EC36F59009042CB /* Build configuration list for PBXNativeTarget "MyRecharge" */;
			buildPhases = (
				84D9BA071EC36F58009042CB /* Sources */,
				84D9BA081EC36F58009042CB /* Frameworks */,
				84D9BA091EC36F58009042CB /* Resources */,
				84D9BA4C1EC37A9A009042CB /* Embed Frameworks */,
			);
			buildRules = (
			);
			dependencies = (
			);
			name = MyRecharge;
			productName = MyRecharge;
			productReference = 84D9BA0B1EC36F58009042CB /* MyRecharge.app */;
			productType = "com.apple.product-type.application";
		};
		84D9BA211EC36F59009042CB /* MyRechargeTests */ = {
			isa = PBXNativeTarget;
			buildConfigurationList = 84D9BA391EC36F59009042CB /* Build configuration list for PBXNativeTarget "MyRechargeTests" */;
			buildPhases = (
				84D9BA1E1EC36F59009042CB /* Sources */,
				84D9BA1F1EC36F59009042CB /* Frameworks */,
				84D9BA201EC36F59009042CB /* Resources */,
			);
			buildRules = (
			);
			dependencies = (
				84D9BA241EC36F59009042CB /* PBXTargetDependency */,
			);
			name = MyRechargeTests;
			productName = MyRechargeTests;
			productReference = 84D9BA221EC36F59009042CB /* MyRechargeTests.xctest */;
			productType = "com.apple.product-type.bundle.unit-test";
		};
		84D9BA2C1EC36F59009042CB /* MyRechargeUITests */ = {
			isa = PBXNativeTarget;
			buildConfigurationList = 84D9BA3C1EC36F59009042CB /* Build configuration list for PBXNativeTarget "MyRechargeUITests" */;
			buildPhases = (
				84D9BA291EC36F59009042CB /* Sources */,
				84D9BA2A1EC36F59009042CB /* Frameworks */,
				84D9BA2B1EC36F59009042CB /* Resources */,
			);
			buildRules = (
			);
			dependencies = (
				84D9BA2F1EC36F59009042CB /* PBXTargetDependency */,
			);
			name = MyRechargeUITests;
			productName = MyRechargeUITests;
			productReference = 84D9BA2D1EC36F59009042CB /* MyRechargeUITests.xctest */;
			productType = "com.apple.product-type.bundle.ui-testing";
		};
/* End PBXNativeTarget section */

/* Begin PBXProject section */
		84D9BA031EC36F57009042CB /* Project object */ = {
			isa = PBXProject;
			attributes = {
				LastSwiftUpdateCheck = 0820;
				LastUpgradeCheck = 0820;
				ORGANIZATIONNAME = Admin;
				TargetAttributes = {
					84D9BA0A1EC36F58009042CB = {
						CreatedOnToolsVersion = 8.2.1;
						ProvisioningStyle = Automatic;
					};
					84D9BA211EC36F59009042CB = {
						CreatedOnToolsVersion = 8.2.1;
						ProvisioningStyle = Automatic;
						TestTargetID = 84D9BA0A1EC36F58009042CB;
					};
					84D9BA2C1EC36F59009042CB = {
						CreatedOnToolsVersion = 8.2.1;
						ProvisioningStyle = Automatic;
						TestTargetID = 84D9BA0A1EC36F58009042CB;
					};
				};
			};
			buildConfigurationList = 84D9BA061EC36F57009042CB /* Build configuration list for PBXProject "MyRecharge" */;
			compatibilityVersion = "Xcode 3.2";
			developmentRegion = English;
			hasScannedForEncodings = 0;
			knownRegions = (
				en,
				Base,
			);
			mainGroup = 84D9BA021EC36F57009042CB;
			productRefGroup = 84D9BA0C1EC36F58009042CB /* Products */;
			projectDirPath = "";
			projectRoot = "";
			targets = (
				84D9BA0A1EC36F58009042CB /* MyRecharge */,
				84D9BA211EC36F59009042CB /* MyRechargeTests */,
				84D9BA2C1EC36F59009042CB /* MyRechargeUITests */,
			);
		};
/* End PBXProject section */

/* Begin PBXResourcesBuildPhase section */
		84D9BA091EC36F58009042CB /* Resources */ = {
			isa = PBXResourcesBuildPhase;
			buildActionMask = 2147483647;
			files = (
				84D9BA1C1EC36F58009042CB /* LaunchScreen.storyboard in Resources */,
				84D9BA191EC36F58009042CB /* Assets.xcassets in Resources */,
				84D9BA141EC36F58009042CB /* Main.storyboard in Resources */,
			);
			runOnlyForDeploymentPostprocessing = 0;
		};
		84D9BA201EC36F59009042CB /* Resources */ = {
			isa = PBXResourcesBuildPhase;
			buildActionMask = 2147483647;
			files = (
			);
			runOnlyForDeploymentPostprocessing = 0;
		};
		84D9BA2B1EC36F59009042CB /* Resources */ = {
			isa = PBXResourcesBuildPhase;
			buildActionMask = 2147483647;
			files = (
			);
			runOnlyForDeploymentPostprocessing = 0;
		};
/* End PBXResourcesBuildPhase section */

/* Begin PBXSourcesBuildPhase section */
		84D9BA071EC36F58009042CB /* Sources */ = {
			isa = PBXSourcesBuildPhase;
			buildActionMask = 2147483647;
			files = (
				84D9BA171EC36F58009042CB /* MyRecharge.xcdatamodeld in Sources */,
				84D9BA531EC393D0009042CB /* MRPreferences.swift in Sources */,
				84D9BA111EC36F58009042CB /* MRLoginVC.swift in Sources */,
				84D9BA0F1EC36F58009042CB /* AppDelegate.swift in Sources */,
				84D9BA501EC37D65009042CB /* MRDatabase.swift in Sources */,
			);
			runOnlyForDeploymentPostprocessing = 0;
		};
		84D9BA1E1EC36F59009042CB /* Sources */ = {
			isa = PBXSourcesBuildPhase;
			buildActionMask = 2147483647;
			files = (
				84D9BA271EC36F59009042CB /* MyRechargeTests.swift in Sources */,
			);
			runOnlyForDeploymentPostprocessing = 0;
		};
		84D9BA291EC36F59009042CB /* Sources */ = {
			isa = PBXSourcesBuildPhase;
			buildActionMask = 2147483647;
			files = (
				84D9BA321EC36F59009042CB /* MyRechargeUITests.swift in Sources */,
			);
			runOnlyForDeploymentPostprocessing = 0;
		};
/* End PBXSourcesBuildPhase section */

/* Begin PBXTargetDependency section */
		84D9BA241EC36F59009042CB /* PBXTargetDependency */ = {
			isa = PBXTargetDependency;
			target = 84D9BA0A1EC36F58009042CB /* MyRecharge */;
			targetProxy = 84D9BA231EC36F59009042CB /* PBXContainerItemProxy */;
		};
		84D9BA2F1EC36F59009042CB /* PBXTargetDependency */ = {
			isa = PBXTargetDependency;
			target = 84D9BA0A1EC36F58009042CB /* MyRecharge */;
			targetProxy = 84D9BA2E1EC36F59009042CB /* PBXContainerItemProxy */;
		};
/* End PBXTargetDependency section */

/* Begin PBXVariantGroup section */
		84D9BA121EC36F58009042CB /* Main.storyboard */ = {
			isa = PBXVariantGroup;
			children = (
				84D9BA131EC36F58009042CB /* Base */,
			);
			name = Main.storyboard;
			sourceTree = "<group>";
		};
		84D9BA1A1EC36F58009042CB /* LaunchScreen.storyboard */ = {
			isa = PBXVariantGroup;
			children = (
				84D9BA1B1EC36F58009042CB /* Base */,
			);
			name = LaunchScreen.storyboard;
			sourceTree = "<group>";
		};
/* End PBXVariantGroup section */

/* Begin XCBuildConfiguration section */
		84D9BA341EC36F59009042CB /* Debug */ = {
			isa = XCBuildConfiguration;
			buildSettings = {
				ALWAYS_SEARCH_USER_PATHS = NO;
				CLANG_ANALYZER_NONNULL = YES;
				CLANG_CXX_LANGUAGE_STANDARD = "gnu++0x";
				CLANG_CXX_LIBRARY = "libc++";
				CLANG_ENABLE_MODULES = YES;
				CLANG_ENABLE_OBJC_ARC = YES;
				CLANG_WARN_BOOL_CONVERSION = YES;
				CLANG_WARN_CONSTANT_CONVERSION = YES;
				CLANG_WARN_DIRECT_OBJC_ISA_USAGE = YES_ERROR;
				CLANG_WARN_DOCUMENTATION_COMMENTS = YES;
				CLANG_WARN_EMPTY_BODY = YES;
				CLANG_WARN_ENUM_CONVERSION = YES;
				CLANG_WARN_INFINITE_RECURSION = YES;
				CLANG_WARN_INT_CONVERSION = YES;
				CLANG_WARN_OBJC_ROOT_CLASS = YES_ERROR;
				CLANG_WARN_SUSPICIOUS_MOVE = YES;
				CLANG_WARN_UNREACHABLE_CODE = YES;
				CLANG_WARN__DUPLICATE_METHOD_MATCH = YES;
				"CODE_SIGN_IDENTITY[sdk=iphoneos*]" = "iPhone Developer";
				COPY_PHASE_STRIP = NO;
				DEBUG_INFORMATION_FORMAT = dwarf;
				ENABLE_STRICT_OBJC_MSGSEND = YES;
				ENABLE_TESTABILITY = YES;
				GCC_C_LANGUAGE_STANDARD = gnu99;
				GCC_DYNAMIC_NO_PIC = NO;
				GCC_NO_COMMON_BLOCKS = YES;
				GCC_OPTIMIZATION_LEVEL = 0;
				GCC_PREPROCESSOR_DEFINITIONS = (
					"DEBUG=1",
					"$(inherited)",
				);
				GCC_WARN_64_TO_32_BIT_CONVERSION = YES;
				GCC_WARN_ABOUT_RETURN_TYPE = YES_ERROR;
				GCC_WARN_UNDECLARED_SELECTOR = YES;
				GCC_WARN_UNINITIALIZED_AUTOS = YES_AGGRESSIVE;
				GCC_WARN_UNUSED_FUNCTION = YES;
				GCC_WARN_UNUSED_VARIABLE = YES;
				IPHONEOS_DEPLOYMENT_TARGET = 10.2;
				MTL_ENABLE_DEBUG_INFO = YES;
				ONLY_ACTIVE_ARCH = YES;
				SDKROOT = iphoneos;
				SWIFT_ACTIVE_COMPILATION_CONDITIONS = DEBUG;
				SWIFT_OPTIMIZATION_LEVEL = "-Onone";
				TARGETED_DEVICE_FAMILY = "1,2";
			};
			name = Debug;
		};
		84D9BA351EC36F59009042CB /* Release */ = {
			isa = XCBuildConfiguration;
			buildSettings = {
				ALWAYS_SEARCH_USER_PATHS = NO;
				CLANG_ANALYZER_NONNULL = YES;
				CLANG_CXX_LANGUAGE_STANDARD = "gnu++0x";
				CLANG_CXX_LIBRARY = "libc++";
				CLANG_ENABLE_MODULES = YES;
				CLANG_ENABLE_OBJC_ARC = YES;
				CLANG_WARN_BOOL_CONVERSION = YES;
				CLANG_WARN_CONSTANT_CONVERSION = YES;
				CLANG_WARN_DIRECT_OBJC_ISA_USAGE = YES_ERROR;
				CLANG_WARN_DOCUMENTATION_COMMENTS = YES;
				CLANG_WARN_EMPTY_BODY = YES;
				CLANG_WARN_ENUM_CONVERSION = YES;
				CLANG_WARN_INFINITE_RECURSION = YES;
				CLANG_WARN_INT_CONVERSION = YES;
				CLANG_WARN_OBJC_ROOT_CLASS = YES_ERROR;
				CLANG_WARN_SUSPICIOUS_MOVE = YES;
				CLANG_WARN_UNREACHABLE_CODE = YES;
				CLANG_WARN__DUPLICATE_METHOD_MATCH = YES;
				"CODE_SIGN_IDENTITY[sdk=iphoneos*]" = "iPhone Developer";
				COPY_PHASE_STRIP = NO;
				DEBUG_INFORMATION_FORMAT = "dwarf-with-dsym";
				ENABLE_NS_ASSERTIONS = NO;
				ENABLE_STRICT_OBJC_MSGSEND = YES;
				GCC_C_LANGUAGE_STANDARD = gnu99;
				GCC_NO_COMMON_BLOCKS = YES;
				GCC_WARN_64_TO_32_BIT_CONVERSION = YES;
				GCC_WARN_ABOUT_RETURN_TYPE = YES_ERROR;
				GCC_WARN_UNDECLARED_SELECTOR = YES;
				GCC_WARN_UNINITIALIZED_AUTOS = YES_AGGRESSIVE;
				GCC_WARN_UNUSED_FUNCTION = YES;
				GCC_WARN_UNUSED_VARIABLE = YES;
				IPHONEOS_DEPLOYMENT_TARGET = 10.2;
				MTL_ENABLE_DEBUG_INFO = NO;
				SDKROOT = iphoneos;
				SWIFT_OPTIMIZATION_LEVEL = "-Owholemodule";
				TARGETED_DEVICE_FAMILY = "1,2";
				VALIDATE_PRODUCT = YES;
			};
			name = Release;
		};
		84D9BA371EC36F59009042CB /* Debug */ = {
			isa = XCBuildConfiguration;
			buildSettings = {
				ASSETCATALOG_COMPILER_APPICON_NAME = AppIcon;
				FRAMEWORK_SEARCH_PATHS = (
					"$(inherited)",
					"$(PROJECT_DIR)/MyRecharge/FBSDK",
				);
				INFOPLIST_FILE = MyRecharge/Info.plist;
				LD_RUNPATH_SEARCH_PATHS = "$(inherited) @executable_path/Frameworks";
				PRODUCT_BUNDLE_IDENTIFIER = Marvel.MyRecharge;
				PRODUCT_NAME = "$(TARGET_NAME)";
				SWIFT_VERSION = 3.0;
			};
			name = Debug;
		};
		84D9BA381EC36F59009042CB /* Release */ = {
			isa = XCBuildConfiguration;
			buildSettings = {
				ASSETCATALOG_COMPILER_APPICON_NAME = AppIcon;
				FRAMEWORK_SEARCH_PATHS = (
					"$(inherited)",
					"$(PROJECT_DIR)/MyRecharge/FBSDK",
				);
				INFOPLIST_FILE = MyRecharge/Info.plist;
				LD_RUNPATH_SEARCH_PATHS = "$(inherited) @executable_path/Frameworks";
				PRODUCT_BUNDLE_IDENTIFIER = Marvel.MyRecharge;
				PRODUCT_NAME = "$(TARGET_NAME)";
				SWIFT_VERSION = 3.0;
			};
			name = Release;
		};
		84D9BA3A1EC36F59009042CB /* Debug */ = {
			isa = XCBuildConfiguration;
			buildSettings = {
				ALWAYS_EMBED_SWIFT_STANDARD_LIBRARIES = YES;
				BUNDLE_LOADER = "$(TEST_HOST)";
				INFOPLIST_FILE = MyRechargeTests/Info.plist;
				LD_RUNPATH_SEARCH_PATHS = "$(inherited) @executable_path/Frameworks @loader_path/Frameworks";
				PRODUCT_BUNDLE_IDENTIFIER = Marvel.MyRechargeTests;
				PRODUCT_NAME = "$(TARGET_NAME)";
				SWIFT_VERSION = 3.0;
				TEST_HOST = "$(BUILT_PRODUCTS_DIR)/MyRecharge.app/MyRecharge";
			};
			name = Debug;
		};
		84D9BA3B1EC36F59009042CB /* Release */ = {
			isa = XCBuildConfiguration;
			buildSettings = {
				ALWAYS_EMBED_SWIFT_STANDARD_LIBRARIES = YES;
				BUNDLE_LOADER = "$(TEST_HOST)";
				INFOPLIST_FILE = MyRechargeTests/Info.plist;
				LD_RUNPATH_SEARCH_PATHS = "$(inherited) @executable_path/Frameworks @loader_path/Frameworks";
				PRODUCT_BUNDLE_IDENTIFIER = Marvel.MyRechargeTests;
				PRODUCT_NAME = "$(TARGET_NAME)";
				SWIFT_VERSION = 3.0;
				TEST_HOST = "$(BUILT_PRODUCTS_DIR)/MyRecharge.app/MyRecharge";
			};
			name = Release;
		};
		84D9BA3D1EC36F59009042CB /* Debug */ = {
			isa = XCBuildConfiguration;
			buildSettings = {
				ALWAYS_EMBED_SWIFT_STANDARD_LIBRARIES = YES;
				INFOPLIST_FILE = MyRechargeUITests/Info.plist;
				LD_RUNPATH_SEARCH_PATHS = "$(inherited) @executable_path/Frameworks @loader_path/Frameworks";
				PRODUCT_BUNDLE_IDENTIFIER = Marvel.MyRechargeUITests;
				PRODUCT_NAME = "$(TARGET_NAME)";
				SWIFT_VERSION = 3.0;
				TEST_TARGET_NAME = MyRecharge;
			};
			name = Debug;
		};
		84D9BA3E1EC36F59009042CB /* Release */ = {
			isa = XCBuildConfiguration;
			buildSettings = {
				ALWAYS_EMBED_SWIFT_STANDARD_LIBRARIES = YES;
				INFOPLIST_FILE = MyRechargeUITests/Info.plist;
				LD_RUNPATH_SEARCH_PATHS = "$(inherited) @executable_path/Frameworks @loader_path/Frameworks";
				PRODUCT_BUNDLE_IDENTIFIER = Marvel.MyRechargeUITests;
				PRODUCT_NAME = "$(TARGET_NAME)";
				SWIFT_VERSION = 3.0;
				TEST_TARGET_NAME = MyRecharge;
			};
			name = Release;
		};
/* End XCBuildConfiguration section */

/* Begin XCConfigurationList section */
		84D9BA061EC36F57009042CB /* Build configuration list for PBXProject "MyRecharge" */ = {
			isa = XCConfigurationList;
			buildConfigurations = (
				84D9BA341EC36F59009042CB /* Debug */,
				84D9BA351EC36F59009042CB /* Release */,
			);
			defaultConfigurationIsVisible = 0;
			defaultConfigurationName = Release;
		};
		84D9BA361EC36F59009042CB /* Build configuration list for PBXNativeTarget "MyRecharge" */ = {
			isa = XCConfigurationList;
			buildConfigurations = (
				84D9BA371EC36F59009042CB /* Debug */,
				84D9BA381EC36F59009042CB /* Release */,
			);
			defaultConfigurationIsVisible = 0;
			defaultConfigurationName = Release;
		};
		84D9BA391EC36F59009042CB /* Build configuration list for PBXNativeTarget "MyRechargeTests" */ = {
			isa = XCConfigurationList;
			buildConfigurations = (
				84D9BA3A1EC36F59009042CB /* Debug */,
				84D9BA3B1EC36F59009042CB /* Release */,
			);
			defaultConfigurationIsVisible = 0;
			defaultConfigurationName = Release;
		};
		84D9BA3C1EC36F59009042CB /* Build configuration list for PBXNativeTarget "MyRechargeUITests" */ = {
			isa = XCConfigurationList;
			buildConfigurations = (
				84D9BA3D1EC36F59009042CB /* Debug */,
				84D9BA3E1EC36F59009042CB /* Release */,
			);
			defaultConfigurationIsVisible = 0;
			defaultConfigurationName = Release;
		};
/* End XCConfigurationList section */

/* Begin XCVersionGroup section */
		84D9BA151EC36F58009042CB /* MyRecharge.xcdatamodeld */ = {
			isa = XCVersionGroup;
			children = (
				84D9BA161EC36F58009042CB /* MyRecharge.xcdatamodel */,
			);
			currentVersion = 84D9BA161EC36F58009042CB /* MyRecharge.xcdatamodel */;
			path = MyRecharge.xcdatamodeld;
			sourceTree = "<group>";
			versionGroupType = wrapper.xcdatamodel;
		};
/* End XCVersionGroup section */
	};
	rootObject = 84D9BA031EC36F57009042CB /* Project object */;
}
