// !$*UTF8*$!
{
	archiveVersion = 1;
	classes = {
	};
	objectVersion = 46;
	objects = {

/* Begin PBXBuildFile section */
		64699F1376863A166CC593E5 /* Pods_MyRechargeUITests.framework in Frameworks */ = {isa = PBXBuildFile; fileRef = 91813E90B8A335120481039E /* Pods_MyRechargeUITests.framework */; };
		8414D8351ED9E866000476DB /* PopUpView.xib in Resources */ = {isa = PBXBuildFile; fileRef = 8414D8341ED9E866000476DB /* PopUpView.xib */; };
		8414D8371ED9ECA9000476DB /* MRAlertView.swift in Sources */ = {isa = PBXBuildFile; fileRef = 8414D8361ED9ECA9000476DB /* MRAlertView.swift */; };
		841E803E1ED6018700F43B8D /* SocialLoginService.swift in Sources */ = {isa = PBXBuildFile; fileRef = 841E803D1ED6018700F43B8D /* SocialLoginService.swift */; };
		842590DD1ED89D7C00198D0F /* MRTariffPlansVC.swift in Sources */ = {isa = PBXBuildFile; fileRef = 842590DC1ED89D7C00198D0F /* MRTariffPlansVC.swift */; };
		849815541EC627ED009CEF7F /* MRChooseNetworkVC.swift in Sources */ = {isa = PBXBuildFile; fileRef = 849815531EC627ED009CEF7F /* MRChooseNetworkVC.swift */; };
		849815561EC62825009CEF7F /* MRNetworkCVCell.swift in Sources */ = {isa = PBXBuildFile; fileRef = 849815551EC62825009CEF7F /* MRNetworkCVCell.swift */; };
		849815581EC62DD1009CEF7F /* MROperator.swift in Sources */ = {isa = PBXBuildFile; fileRef = 849815571EC62DD1009CEF7F /* MROperator.swift */; };
		84B552611ED8B2AE003266E9 /* MRPaymentVC.swift in Sources */ = {isa = PBXBuildFile; fileRef = 84B552601ED8B2AE003266E9 /* MRPaymentVC.swift */; };
		84D9BA0F1EC36F58009042CB /* AppDelegate.swift in Sources */ = {isa = PBXBuildFile; fileRef = 84D9BA0E1EC36F58009042CB /* AppDelegate.swift */; };
		84D9BA111EC36F58009042CB /* MRLoginVC.swift in Sources */ = {isa = PBXBuildFile; fileRef = 84D9BA101EC36F58009042CB /* MRLoginVC.swift */; };
		84D9BA141EC36F58009042CB /* Main.storyboard in Resources */ = {isa = PBXBuildFile; fileRef = 84D9BA121EC36F58009042CB /* Main.storyboard */; };
		84D9BA171EC36F58009042CB /* MyRecharge.xcdatamodeld in Sources */ = {isa = PBXBuildFile; fileRef = 84D9BA151EC36F58009042CB /* MyRecharge.xcdatamodeld */; };
		84D9BA191EC36F58009042CB /* Assets.xcassets in Resources */ = {isa = PBXBuildFile; fileRef = 84D9BA181EC36F58009042CB /* Assets.xcassets */; };
		84D9BA1C1EC36F58009042CB /* LaunchScreen.storyboard in Resources */ = {isa = PBXBuildFile; fileRef = 84D9BA1A1EC36F58009042CB /* LaunchScreen.storyboard */; };
		84D9BA271EC36F59009042CB /* MyRechargeTests.swift in Sources */ = {isa = PBXBuildFile; fileRef = 84D9BA261EC36F59009042CB /* MyRechargeTests.swift */; };
		84D9BA321EC36F59009042CB /* MyRechargeUITests.swift in Sources */ = {isa = PBXBuildFile; fileRef = 84D9BA311EC36F59009042CB /* MyRechargeUITests.swift */; };
		84D9BA461EC37A9A009042CB /* Bolts.framework in Frameworks */ = {isa = PBXBuildFile; fileRef = 84D9BA431EC37A9A009042CB /* Bolts.framework */; };
		84D9BA471EC37A9A009042CB /* Bolts.framework in Embed Frameworks */ = {isa = PBXBuildFile; fileRef = 84D9BA431EC37A9A009042CB /* Bolts.framework */; settings = {ATTRIBUTES = (CodeSignOnCopy, RemoveHeadersOnCopy, ); }; };
		84D9BA481EC37A9A009042CB /* FBSDKCoreKit.framework in Frameworks */ = {isa = PBXBuildFile; fileRef = 84D9BA441EC37A9A009042CB /* FBSDKCoreKit.framework */; };
		84D9BA491EC37A9A009042CB /* FBSDKCoreKit.framework in Embed Frameworks */ = {isa = PBXBuildFile; fileRef = 84D9BA441EC37A9A009042CB /* FBSDKCoreKit.framework */; settings = {ATTRIBUTES = (CodeSignOnCopy, RemoveHeadersOnCopy, ); }; };
		84D9BA4A1EC37A9A009042CB /* FBSDKLoginKit.framework in Frameworks */ = {isa = PBXBuildFile; fileRef = 84D9BA451EC37A9A009042CB /* FBSDKLoginKit.framework */; };
		84D9BA4B1EC37A9A009042CB /* FBSDKLoginKit.framework in Embed Frameworks */ = {isa = PBXBuildFile; fileRef = 84D9BA451EC37A9A009042CB /* FBSDKLoginKit.framework */; settings = {ATTRIBUTES = (CodeSignOnCopy, RemoveHeadersOnCopy, ); }; };
		84D9BA501EC37D65009042CB /* MRDatabase.swift in Sources */ = {isa = PBXBuildFile; fileRef = 84D9BA4F1EC37D65009042CB /* MRDatabase.swift */; };
		84D9BA531EC393D0009042CB /* MRPreferences.swift in Sources */ = {isa = PBXBuildFile; fileRef = 84D9BA521EC393D0009042CB /* MRPreferences.swift */; };
		84D9BA551EC39F48009042CB /* GoogleService-Info.plist in Resources */ = {isa = PBXBuildFile; fileRef = 84D9BA541EC39F48009042CB /* GoogleService-Info.plist */; };
		84D9BA561EC39F50009042CB /* GoogleService-Info.plist in Resources */ = {isa = PBXBuildFile; fileRef = 84D9BA541EC39F48009042CB /* GoogleService-Info.plist */; };
		84D9BA571EC39F50009042CB /* GoogleService-Info.plist in Resources */ = {isa = PBXBuildFile; fileRef = 84D9BA541EC39F48009042CB /* GoogleService-Info.plist */; };
		BC1AE9CC5ABB6E90594E9D12 /* Pods_MyRechargeTests.framework in Frameworks */ = {isa = PBXBuildFile; fileRef = 8FDB935FF1A7FA5AC0122F87 /* Pods_MyRechargeTests.framework */; };
		D09F36B3D13F353BE1B7668F /* Pods_MyRecharge.framework in Frameworks */ = {isa = PBXBuildFile; fileRef = 70D63B3CC3CF32180ECA6490 /* Pods_MyRecharge.framework */; };
/* End PBXBuildFile section */

/* Begin PBXContainerItemProxy section */
		84D9BA231EC36F59009042CB /* PBXContainerItemProxy */ = {
			isa = PBXContainerItemProxy;
			containerPortal = 84D9BA031EC36F57009042CB /* Project object */;
			proxyType = 1;
			remoteGlobalIDString = 84D9BA0A1EC36F58009042CB;
			remoteInfo = MyRecharge;
		};
		84D9BA2E1EC36F59009042CB /* PBXContainerItemProxy */ = {
			isa = PBXContainerItemProxy;
			containerPortal = 84D9BA031EC36F57009042CB /* Project object */;
			proxyType = 1;
			remoteGlobalIDString = 84D9BA0A1EC36F58009042CB;
			remoteInfo = MyRecharge;
		};
/* End PBXContainerItemProxy section */

/* Begin PBXCopyFilesBuildPhase section */
		84D9BA4C1EC37A9A009042CB /* Embed Frameworks */ = {
			isa = PBXCopyFilesBuildPhase;
			buildActionMask = 2147483647;
			dstPath = "";
			dstSubfolderSpec = 10;
			files = (
				84D9BA471EC37A9A009042CB /* Bolts.framework in Embed Frameworks */,
				84D9BA491EC37A9A009042CB /* FBSDKCoreKit.framework in Embed Frameworks */,
				84D9BA4B1EC37A9A009042CB /* FBSDKLoginKit.framework in Embed Frameworks */,
			);
			name = "Embed Frameworks";
			runOnlyForDeploymentPostprocessing = 0;
		};
/* End PBXCopyFilesBuildPhase section */

/* Begin PBXFileReference section */
		33909D8DBF4E34BDF8AE74C6 /* Pods-MyRechargeTests.debug.xcconfig */ = {isa = PBXFileReference; includeInIndex = 1; lastKnownFileType = text.xcconfig; name = "Pods-MyRechargeTests.debug.xcconfig"; path = "Pods/Target Support Files/Pods-MyRechargeTests/Pods-MyRechargeTests.debug.xcconfig"; sourceTree = "<group>"; };
		45E97DB69501D918635CF175 /* Pods-MyRecharge.release.xcconfig */ = {isa = PBXFileReference; includeInIndex = 1; lastKnownFileType = text.xcconfig; name = "Pods-MyRecharge.release.xcconfig"; path = "Pods/Target Support Files/Pods-MyRecharge/Pods-MyRecharge.release.xcconfig"; sourceTree = "<group>"; };
		4A14A395165070F6AED816FF /* Pods-MyRecharge.debug.xcconfig */ = {isa = PBXFileReference; includeInIndex = 1; lastKnownFileType = text.xcconfig; name = "Pods-MyRecharge.debug.xcconfig"; path = "Pods/Target Support Files/Pods-MyRecharge/Pods-MyRecharge.debug.xcconfig"; sourceTree = "<group>"; };
		70D63B3CC3CF32180ECA6490 /* Pods_MyRecharge.framework */ = {isa = PBXFileReference; explicitFileType = wrapper.framework; includeInIndex = 0; path = Pods_MyRecharge.framework; sourceTree = BUILT_PRODUCTS_DIR; };
		7EF3F7B118D3E53EB20FB5E2 /* Pods-MyRechargeUITests.debug.xcconfig */ = {isa = PBXFileReference; includeInIndex = 1; lastKnownFileType = text.xcconfig; name = "Pods-MyRechargeUITests.debug.xcconfig"; path = "Pods/Target Support Files/Pods-MyRechargeUITests/Pods-MyRechargeUITests.debug.xcconfig"; sourceTree = "<group>"; };
		8414D8341ED9E866000476DB /* PopUpView.xib */ = {isa = PBXFileReference; fileEncoding = 4; lastKnownFileType = file.xib; path = PopUpView.xib; sourceTree = "<group>"; };
		8414D8361ED9ECA9000476DB /* MRAlertView.swift */ = {isa = PBXFileReference; fileEncoding = 4; lastKnownFileType = sourcecode.swift; path = MRAlertView.swift; sourceTree = "<group>"; };
		841E803D1ED6018700F43B8D /* SocialLoginService.swift */ = {isa = PBXFileReference; fileEncoding = 4; lastKnownFileType = sourcecode.swift; path = SocialLoginService.swift; sourceTree = "<group>"; };
		842590DC1ED89D7C00198D0F /* MRTariffPlansVC.swift */ = {isa = PBXFileReference; fileEncoding = 4; lastKnownFileType = sourcecode.swift; path = MRTariffPlansVC.swift; sourceTree = "<group>"; };
		849815531EC627ED009CEF7F /* MRChooseNetworkVC.swift */ = {isa = PBXFileReference; fileEncoding = 4; lastKnownFileType = sourcecode.swift; path = MRChooseNetworkVC.swift; sourceTree = "<group>"; };
		849815551EC62825009CEF7F /* MRNetworkCVCell.swift */ = {isa = PBXFileReference; fileEncoding = 4; lastKnownFileType = sourcecode.swift; path = MRNetworkCVCell.swift; sourceTree = "<group>"; };
		849815571EC62DD1009CEF7F /* MROperator.swift */ = {isa = PBXFileReference; fileEncoding = 4; lastKnownFileType = sourcecode.swift; path = MROperator.swift; sourceTree = "<group>"; };
		84B552601ED8B2AE003266E9 /* MRPaymentVC.swift */ = {isa = PBXFileReference; fileEncoding = 4; lastKnownFileType = sourcecode.swift; path = MRPaymentVC.swift; sourceTree = "<group>"; };
		84D9BA0B1EC36F58009042CB /* MyRecharge.app */ = {isa = PBXFileReference; explicitFileType = wrapper.application; includeInIndex = 0; path = MyRecharge.app; sourceTree = BUILT_PRODUCTS_DIR; };
		84D9BA0E1EC36F58009042CB /* AppDelegate.swift */ = {isa = PBXFileReference; lastKnownFileType = sourcecode.swift; path = AppDelegate.swift; sourceTree = "<group>"; };
		84D9BA101EC36F58009042CB /* MRLoginVC.swift */ = {isa = PBXFileReference; lastKnownFileType = sourcecode.swift; path = MRLoginVC.swift; sourceTree = "<group>"; };
		84D9BA131EC36F58009042CB /* Base */ = {isa = PBXFileReference; lastKnownFileType = file.storyboard; name = Base; path = Base.lproj/Main.storyboard; sourceTree = "<group>"; };
		84D9BA161EC36F58009042CB /* MyRecharge.xcdatamodel */ = {isa = PBXFileReference; lastKnownFileType = wrapper.xcdatamodel; path = MyRecharge.xcdatamodel; sourceTree = "<group>"; };
		84D9BA181EC36F58009042CB /* Assets.xcassets */ = {isa = PBXFileReference; lastKnownFileType = folder.assetcatalog; path = Assets.xcassets; sourceTree = "<group>"; };
		84D9BA1B1EC36F58009042CB /* Base */ = {isa = PBXFileReference; lastKnownFileType = file.storyboard; name = Base; path = Base.lproj/LaunchScreen.storyboard; sourceTree = "<group>"; };
		84D9BA1D1EC36F58009042CB /* Info.plist */ = {isa = PBXFileReference; lastKnownFileType = text.plist.xml; path = Info.plist; sourceTree = "<group>"; };
		84D9BA221EC36F59009042CB /* MyRechargeTests.xctest */ = {isa = PBXFileReference; explicitFileType = wrapper.cfbundle; includeInIndex = 0; path = MyRechargeTests.xctest; sourceTree = BUILT_PRODUCTS_DIR; };
		84D9BA261EC36F59009042CB /* MyRechargeTests.swift */ = {isa = PBXFileReference; lastKnownFileType = sourcecode.swift; path = MyRechargeTests.swift; sourceTree = "<group>"; };
		84D9BA281EC36F59009042CB /* Info.plist */ = {isa = PBXFileReference; lastKnownFileType = text.plist.xml; path = Info.plist; sourceTree = "<group>"; };
		84D9BA2D1EC36F59009042CB /* MyRechargeUITests.xctest */ = {isa = PBXFileReference; explicitFileType = wrapper.cfbundle; includeInIndex = 0; path = MyRechargeUITests.xctest; sourceTree = BUILT_PRODUCTS_DIR; };
		84D9BA311EC36F59009042CB /* MyRechargeUITests.swift */ = {isa = PBXFileReference; lastKnownFileType = sourcecode.swift; path = MyRechargeUITests.swift; sourceTree = "<group>"; };
		84D9BA331EC36F59009042CB /* Info.plist */ = {isa = PBXFileReference; lastKnownFileType = text.plist.xml; path = Info.plist; sourceTree = "<group>"; };
		84D9BA431EC37A9A009042CB /* Bolts.framework */ = {isa = PBXFileReference; lastKnownFileType = wrapper.framework; name = Bolts.framework; path = MyRecharge/FBSDK/Bolts.framework; sourceTree = "<group>"; };
		84D9BA441EC37A9A009042CB /* FBSDKCoreKit.framework */ = {isa = PBXFileReference; lastKnownFileType = wrapper.framework; name = FBSDKCoreKit.framework; path = MyRecharge/FBSDK/FBSDKCoreKit.framework; sourceTree = "<group>"; };
		84D9BA451EC37A9A009042CB /* FBSDKLoginKit.framework */ = {isa = PBXFileReference; lastKnownFileType = wrapper.framework; name = FBSDKLoginKit.framework; path = MyRecharge/FBSDK/FBSDKLoginKit.framework; sourceTree = "<group>"; };
		84D9BA4D1EC37B27009042CB /* MyRecharge-Bridging-Header.h */ = {isa = PBXFileReference; fileEncoding = 4; lastKnownFileType = sourcecode.c.h; path = "MyRecharge-Bridging-Header.h"; sourceTree = "<group>"; };
		84D9BA4F1EC37D65009042CB /* MRDatabase.swift */ = {isa = PBXFileReference; fileEncoding = 4; lastKnownFileType = sourcecode.swift; path = MRDatabase.swift; sourceTree = "<group>"; };
		84D9BA521EC393D0009042CB /* MRPreferences.swift */ = {isa = PBXFileReference; fileEncoding = 4; lastKnownFileType = sourcecode.swift; path = MRPreferences.swift; sourceTree = "<group>"; };
		84D9BA541EC39F48009042CB /* GoogleService-Info.plist */ = {isa = PBXFileReference; fileEncoding = 4; lastKnownFileType = text.plist.xml; path = "GoogleService-Info.plist"; sourceTree = "<group>"; };
		8FDB935FF1A7FA5AC0122F87 /* Pods_MyRechargeTests.framework */ = {isa = PBXFileReference; explicitFileType = wrapper.framework; includeInIndex = 0; path = Pods_MyRechargeTests.framework; sourceTree = BUILT_PRODUCTS_DIR; };
		91813E90B8A335120481039E /* Pods_MyRechargeUITests.framework */ = {isa = PBXFileReference; explicitFileType = wrapper.framework; includeInIndex = 0; path = Pods_MyRechargeUITests.framework; sourceTree = BUILT_PRODUCTS_DIR; };
		C70ABDCCAAAED8F4CF18121C /* Pods-MyRechargeUITests.release.xcconfig */ = {isa = PBXFileReference; includeInIndex = 1; lastKnownFileType = text.xcconfig; name = "Pods-MyRechargeUITests.release.xcconfig"; path = "Pods/Target Support Files/Pods-MyRechargeUITests/Pods-MyRechargeUITests.release.xcconfig"; sourceTree = "<group>"; };
		F917F9A59F38D4B45391BCA4 /* Pods-MyRechargeTests.release.xcconfig */ = {isa = PBXFileReference; includeInIndex = 1; lastKnownFileType = text.xcconfig; name = "Pods-MyRechargeTests.release.xcconfig"; path = "Pods/Target Support Files/Pods-MyRechargeTests/Pods-MyRechargeTests.release.xcconfig"; sourceTree = "<group>"; };
/* End PBXFileReference section */

/* Begin PBXFrameworksBuildPhase section */
		84D9BA081EC36F58009042CB /* Frameworks */ = {
			isa = PBXFrameworksBuildPhase;
			buildActionMask = 2147483647;
			files = (
				84D9BA461EC37A9A009042CB /* Bolts.framework in Frameworks */,
				84D9BA481EC37A9A009042CB /* FBSDKCoreKit.framework in Frameworks */,
				84D9BA4A1EC37A9A009042CB /* FBSDKLoginKit.framework in Frameworks */,
				D09F36B3D13F353BE1B7668F /* Pods_MyRecharge.framework in Frameworks */,
			);
			runOnlyForDeploymentPostprocessing = 0;
		};
		84D9BA1F1EC36F59009042CB /* Frameworks */ = {
			isa = PBXFrameworksBuildPhase;
			buildActionMask = 2147483647;
			files = (
				BC1AE9CC5ABB6E90594E9D12 /* Pods_MyRechargeTests.framework in Frameworks */,
			);
			runOnlyForDeploymentPostprocessing = 0;
		};
		84D9BA2A1EC36F59009042CB /* Frameworks */ = {
			isa = PBXFrameworksBuildPhase;
			buildActionMask = 2147483647;
			files = (
				64699F1376863A166CC593E5 /* Pods_MyRechargeUITests.framework in Frameworks */,
			);
			runOnlyForDeploymentPostprocessing = 0;
		};
/* End PBXFrameworksBuildPhase section */

/* Begin PBXGroup section */
		3DFDD48B93D8F9608EC51EA3 /* Pods */ = {
			isa = PBXGroup;
			children = (
				4A14A395165070F6AED816FF /* Pods-MyRecharge.debug.xcconfig */,
				45E97DB69501D918635CF175 /* Pods-MyRecharge.release.xcconfig */,
				33909D8DBF4E34BDF8AE74C6 /* Pods-MyRechargeTests.debug.xcconfig */,
				F917F9A59F38D4B45391BCA4 /* Pods-MyRechargeTests.release.xcconfig */,
				7EF3F7B118D3E53EB20FB5E2 /* Pods-MyRechargeUITests.debug.xcconfig */,
				C70ABDCCAAAED8F4CF18121C /* Pods-MyRechargeUITests.release.xcconfig */,
			);
			name = Pods;
			sourceTree = "<group>";
		};
		8414D8321ED9E81A000476DB /* ViewControllers */ = {
			isa = PBXGroup;
			children = (
				84D9BA101EC36F58009042CB /* MRLoginVC.swift */,
				849815531EC627ED009CEF7F /* MRChooseNetworkVC.swift */,
				849815551EC62825009CEF7F /* MRNetworkCVCell.swift */,
				842590DC1ED89D7C00198D0F /* MRTariffPlansVC.swift */,
				84B552601ED8B2AE003266E9 /* MRPaymentVC.swift */,
			);
			name = ViewControllers;
			sourceTree = "<group>";
		};
		8414D8331ED9E825000476DB /* Views */ = {
			isa = PBXGroup;
			children = (
				8414D8341ED9E866000476DB /* PopUpView.xib */,
				8414D8361ED9ECA9000476DB /* MRAlertView.swift */,
			);
			name = Views;
			sourceTree = "<group>";
		};
		841E803C1ED6012700F43B8D /* LoginService */ = {
			isa = PBXGroup;
			children = (
				841E803D1ED6018700F43B8D /* SocialLoginService.swift */,
			);
			name = LoginService;
			sourceTree = "<group>";
		};
		84D9BA021EC36F57009042CB = {
			isa = PBXGroup;
			children = (
				84D9BA421EC379B3009042CB /* FBSDK */,
				84D9BA0D1EC36F58009042CB /* MyRecharge */,
				84D9BA251EC36F59009042CB /* MyRechargeTests */,
				84D9BA301EC36F59009042CB /* MyRechargeUITests */,
				84D9BA0C1EC36F58009042CB /* Products */,
				3DFDD48B93D8F9608EC51EA3 /* Pods */,
				BB6BF914E2431C6C249D9DDE /* Frameworks */,
			);
			sourceTree = "<group>";
		};
		84D9BA0C1EC36F58009042CB /* Products */ = {
			isa = PBXGroup;
			children = (
				84D9BA0B1EC36F58009042CB /* MyRecharge.app */,
				84D9BA221EC36F59009042CB /* MyRechargeTests.xctest */,
				84D9BA2D1EC36F59009042CB /* MyRechargeUITests.xctest */,
			);
			name = Products;
			sourceTree = "<group>";
		};
		84D9BA0D1EC36F58009042CB /* MyRecharge */ = {
			isa = PBXGroup;
			children = (
				841E803C1ED6012700F43B8D /* LoginService */,
				84D9BA511EC393AE009042CB /* Preference */,
				84D9BA4E1EC37D38009042CB /* DB */,
				84D9BA401EC36F95009042CB /* Model */,
				84D9BA3F1EC36F8F009042CB /* UI */,
				84D9BA411EC36F9E009042CB /* Resources */,
			);
			path = MyRecharge;
			sourceTree = "<group>";
		};
		84D9BA251EC36F59009042CB /* MyRechargeTests */ = {
			isa = PBXGroup;
			children = (
				84D9BA261EC36F59009042CB /* MyRechargeTests.swift */,
				84D9BA281EC36F59009042CB /* Info.plist */,
			);
			path = MyRechargeTests;
			sourceTree = "<group>";
		};
		84D9BA301EC36F59009042CB /* MyRechargeUITests */ = {
			isa = PBXGroup;
			children = (
				84D9BA311EC36F59009042CB /* MyRechargeUITests.swift */,
				84D9BA331EC36F59009042CB /* Info.plist */,
			);
			path = MyRechargeUITests;
			sourceTree = "<group>";
		};
		84D9BA3F1EC36F8F009042CB /* UI */ = {
			isa = PBXGroup;
			children = (
				8414D8331ED9E825000476DB /* Views */,
				8414D8321ED9E81A000476DB /* ViewControllers */,
			);
			name = UI;
			sourceTree = "<group>";
		};
		84D9BA401EC36F95009042CB /* Model */ = {
			isa = PBXGroup;
			children = (
				849815571EC62DD1009CEF7F /* MROperator.swift */,
			);
			name = Model;
			sourceTree = "<group>";
		};
		84D9BA411EC36F9E009042CB /* Resources */ = {
			isa = PBXGroup;
			children = (
				84D9BA541EC39F48009042CB /* GoogleService-Info.plist */,
				84D9BA0E1EC36F58009042CB /* AppDelegate.swift */,
				84D9BA121EC36F58009042CB /* Main.storyboard */,
				84D9BA181EC36F58009042CB /* Assets.xcassets */,
				84D9BA1A1EC36F58009042CB /* LaunchScreen.storyboard */,
				84D9BA1D1EC36F58009042CB /* Info.plist */,
				84D9BA151EC36F58009042CB /* MyRecharge.xcdatamodeld */,
				84D9BA4D1EC37B27009042CB /* MyRecharge-Bridging-Header.h */,
			);
			name = Resources;
			sourceTree = "<group>";
		};
		84D9BA421EC379B3009042CB /* FBSDK */ = {
			isa = PBXGroup;
			children = (
				84D9BA431EC37A9A009042CB /* Bolts.framework */,
				84D9BA441EC37A9A009042CB /* FBSDKCoreKit.framework */,
				84D9BA451EC37A9A009042CB /* FBSDKLoginKit.framework */,
			);
			name = FBSDK;
			sourceTree = "<group>";
		};
		84D9BA4E1EC37D38009042CB /* DB */ = {
			isa = PBXGroup;
			children = (
				84D9BA4F1EC37D65009042CB /* MRDatabase.swift */,
			);
			name = DB;
			sourceTree = "<group>";
		};
		84D9BA511EC393AE009042CB /* Preference */ = {
			isa = PBXGroup;
			children = (
				84D9BA521EC393D0009042CB /* MRPreferences.swift */,
			);
			name = Preference;
			sourceTree = "<group>";
		};
		BB6BF914E2431C6C249D9DDE /* Frameworks */ = {
			isa = PBXGroup;
			children = (
				70D63B3CC3CF32180ECA6490 /* Pods_MyRecharge.framework */,
				8FDB935FF1A7FA5AC0122F87 /* Pods_MyRechargeTests.framework */,
				91813E90B8A335120481039E /* Pods_MyRechargeUITests.framework */,
			);
			name = Frameworks;
			sourceTree = "<group>";
		};
/* End PBXGroup section */

/* Begin PBXNativeTarget section */
		84D9BA0A1EC36F58009042CB /* MyRecharge */ = {
			isa = PBXNativeTarget;
			buildConfigurationList = 84D9BA361EC36F59009042CB /* Build configuration list for PBXNativeTarget "MyRecharge" */;
			buildPhases = (
				420D39424C024134A356FA8F /* [CP] Check Pods Manifest.lock */,
				84D9BA071EC36F58009042CB /* Sources */,
				84D9BA081EC36F58009042CB /* Frameworks */,
				84D9BA091EC36F58009042CB /* Resources */,
				84D9BA4C1EC37A9A009042CB /* Embed Frameworks */,
				838480100ED2AF96A3AF35B8 /* [CP] Embed Pods Frameworks */,
				99B119D39E6220181C503C22 /* [CP] Copy Pods Resources */,
				84CD66E01ED6FCD300B96CD5 /* ShellScript */,
			);
			buildRules = (
			);
			dependencies = (
			);
			name = MyRecharge;
			productName = MyRecharge;
			productReference = 84D9BA0B1EC36F58009042CB /* MyRecharge.app */;
			productType = "com.apple.product-type.application";
		};
		84D9BA211EC36F59009042CB /* MyRechargeTests */ = {
			isa = PBXNativeTarget;
			buildConfigurationList = 84D9BA391EC36F59009042CB /* Build configuration list for PBXNativeTarget "MyRechargeTests" */;
			buildPhases = (
				BE0FFA1F8BA6450C18470559 /* [CP] Check Pods Manifest.lock */,
				84D9BA1E1EC36F59009042CB /* Sources */,
				84D9BA1F1EC36F59009042CB /* Frameworks */,
				84D9BA201EC36F59009042CB /* Resources */,
				01046A8B4C441D13940E8D0C /* [CP] Embed Pods Frameworks */,
				005B311DB4ECEED654A45C1F /* [CP] Copy Pods Resources */,
			);
			buildRules = (
			);
			dependencies = (
				84D9BA241EC36F59009042CB /* PBXTargetDependency */,
			);
			name = MyRechargeTests;
			productName = MyRechargeTests;
			productReference = 84D9BA221EC36F59009042CB /* MyRechargeTests.xctest */;
			productType = "com.apple.product-type.bundle.unit-test";
		};
		84D9BA2C1EC36F59009042CB /* MyRechargeUITests */ = {
			isa = PBXNativeTarget;
			buildConfigurationList = 84D9BA3C1EC36F59009042CB /* Build configuration list for PBXNativeTarget "MyRechargeUITests" */;
			buildPhases = (
				8A1C40447714864C6A56EBDF /* [CP] Check Pods Manifest.lock */,
				84D9BA291EC36F59009042CB /* Sources */,
				84D9BA2A1EC36F59009042CB /* Frameworks */,
				84D9BA2B1EC36F59009042CB /* Resources */,
				BA077531E6163937E0C865DD /* [CP] Embed Pods Frameworks */,
				4E1684C3301118418835C73E /* [CP] Copy Pods Resources */,
			);
			buildRules = (
			);
			dependencies = (
				84D9BA2F1EC36F59009042CB /* PBXTargetDependency */,
			);
			name = MyRechargeUITests;
			productName = MyRechargeUITests;
			productReference = 84D9BA2D1EC36F59009042CB /* MyRechargeUITests.xctest */;
			productType = "com.apple.product-type.bundle.ui-testing";
		};
/* End PBXNativeTarget section */

/* Begin PBXProject section */
		84D9BA031EC36F57009042CB /* Project object */ = {
			isa = PBXProject;
			attributes = {
				LastSwiftUpdateCheck = 0820;
				LastUpgradeCheck = 0820;
				ORGANIZATIONNAME = Admin;
				TargetAttributes = {
					84D9BA0A1EC36F58009042CB = {
						CreatedOnToolsVersion = 8.2.1;
						ProvisioningStyle = Automatic;
					};
					84D9BA211EC36F59009042CB = {
						CreatedOnToolsVersion = 8.2.1;
						ProvisioningStyle = Automatic;
						TestTargetID = 84D9BA0A1EC36F58009042CB;
					};
					84D9BA2C1EC36F59009042CB = {
						CreatedOnToolsVersion = 8.2.1;
						ProvisioningStyle = Automatic;
						TestTargetID = 84D9BA0A1EC36F58009042CB;
					};
				};
			};
			buildConfigurationList = 84D9BA061EC36F57009042CB /* Build configuration list for PBXProject "MyRecharge" */;
			compatibilityVersion = "Xcode 3.2";
			developmentRegion = English;
			hasScannedForEncodings = 0;
			knownRegions = (
				en,
				Base,
			);
			mainGroup = 84D9BA021EC36F57009042CB;
			productRefGroup = 84D9BA0C1EC36F58009042CB /* Products */;
			projectDirPath = "";
			projectRoot = "";
			targets = (
				84D9BA0A1EC36F58009042CB /* MyRecharge */,
				84D9BA211EC36F59009042CB /* MyRechargeTests */,
				84D9BA2C1EC36F59009042CB /* MyRechargeUITests */,
			);
		};
/* End PBXProject section */

/* Begin PBXResourcesBuildPhase section */
		84D9BA091EC36F58009042CB /* Resources */ = {
			isa = PBXResourcesBuildPhase;
			buildActionMask = 2147483647;
			files = (
				84D9BA1C1EC36F58009042CB /* LaunchScreen.storyboard in Resources */,
				8414D8351ED9E866000476DB /* PopUpView.xib in Resources */,
				84D9BA551EC39F48009042CB /* GoogleService-Info.plist in Resources */,
				84D9BA191EC36F58009042CB /* Assets.xcassets in Resources */,
				84D9BA141EC36F58009042CB /* Main.storyboard in Resources */,
			);
			runOnlyForDeploymentPostprocessing = 0;
		};
		84D9BA201EC36F59009042CB /* Resources */ = {
			isa = PBXResourcesBuildPhase;
			buildActionMask = 2147483647;
			files = (
				84D9BA561EC39F50009042CB /* GoogleService-Info.plist in Resources */,
			);
			runOnlyForDeploymentPostprocessing = 0;
		};
		84D9BA2B1EC36F59009042CB /* Resources */ = {
			isa = PBXResourcesBuildPhase;
			buildActionMask = 2147483647;
			files = (
				84D9BA571EC39F50009042CB /* GoogleService-Info.plist in Resources */,
			);
			runOnlyForDeploymentPostprocessing = 0;
		};
/* End PBXResourcesBuildPhase section */

/* Begin PBXShellScriptBuildPhase section */
		005B311DB4ECEED654A45C1F /* [CP] Copy Pods Resources */ = {
			isa = PBXShellScriptBuildPhase;
			buildActionMask = 2147483647;
			files = (
			);
			inputPaths = (
			);
			name = "[CP] Copy Pods Resources";
			outputPaths = (
			);
			runOnlyForDeploymentPostprocessing = 0;
			shellPath = /bin/sh;
			shellScript = "\"${SRCROOT}/Pods/Target Support Files/Pods-MyRechargeTests/Pods-MyRechargeTests-resources.sh\"\n";
			showEnvVarsInLog = 0;
		};
		01046A8B4C441D13940E8D0C /* [CP] Embed Pods Frameworks */ = {
			isa = PBXShellScriptBuildPhase;
			buildActionMask = 2147483647;
			files = (
			);
			inputPaths = (
			);
			name = "[CP] Embed Pods Frameworks";
			outputPaths = (
			);
			runOnlyForDeploymentPostprocessing = 0;
			shellPath = /bin/sh;
			shellScript = "\"${SRCROOT}/Pods/Target Support Files/Pods-MyRechargeTests/Pods-MyRechargeTests-frameworks.sh\"\n";
			showEnvVarsInLog = 0;
		};
		420D39424C024134A356FA8F /* [CP] Check Pods Manifest.lock */ = {
			isa = PBXShellScriptBuildPhase;
			buildActionMask = 2147483647;
			files = (
			);
			inputPaths = (
			);
			name = "[CP] Check Pods Manifest.lock";
			outputPaths = (
			);
			runOnlyForDeploymentPostprocessing = 0;
			shellPath = /bin/sh;
			shellScript = "diff \"${PODS_PODFILE_DIR_PATH}/Podfile.lock\" \"${PODS_ROOT}/Manifest.lock\" > /dev/null\nif [ $? != 0 ] ; then\n    # print error to STDERR\n    echo \"error: The sandbox is not in sync with the Podfile.lock. Run 'pod install' or update your CocoaPods installation.\" >&2\n    exit 1\nfi\n";
			showEnvVarsInLog = 0;
		};
		4E1684C3301118418835C73E /* [CP] Copy Pods Resources */ = {
			isa = PBXShellScriptBuildPhase;
			buildActionMask = 2147483647;
			files = (
			);
			inputPaths = (
			);
			name = "[CP] Copy Pods Resources";
			outputPaths = (
			);
			runOnlyForDeploymentPostprocessing = 0;
			shellPath = /bin/sh;
			shellScript = "\"${SRCROOT}/Pods/Target Support Files/Pods-MyRechargeUITests/Pods-MyRechargeUITests-resources.sh\"\n";
			showEnvVarsInLog = 0;
		};
		838480100ED2AF96A3AF35B8 /* [CP] Embed Pods Frameworks */ = {
			isa = PBXShellScriptBuildPhase;
			buildActionMask = 2147483647;
			files = (
			);
			inputPaths = (
			);
			name = "[CP] Embed Pods Frameworks";
			outputPaths = (
			);
			runOnlyForDeploymentPostprocessing = 0;
			shellPath = /bin/sh;
			shellScript = "\"${SRCROOT}/Pods/Target Support Files/Pods-MyRecharge/Pods-MyRecharge-frameworks.sh\"\n";
			showEnvVarsInLog = 0;
		};
		84CD66E01ED6FCD300B96CD5 /* ShellScript */ = {
			isa = PBXShellScriptBuildPhase;
			buildActionMask = 2147483647;
			files = (
			);
			inputPaths = (
			);
			outputPaths = (
			);
			runOnlyForDeploymentPostprocessing = 0;
			shellPath = /bin/sh;
			shellScript = "\"${PODS_ROOT}/Fabric/run\" 093ce8bf96c40c83cbeba1628ff4b0cb6f9ce35a 30099984671677293aaf122dddb83479e3f6d85190b96a1ce73159b7abcb04b1";
		};
		8A1C40447714864C6A56EBDF /* [CP] Check Pods Manifest.lock */ = {
			isa = PBXShellScriptBuildPhase;
			buildActionMask = 2147483647;
			files = (
			);
			inputPaths = (
			);
			name = "[CP] Check Pods Manifest.lock";
			outputPaths = (
			);
			runOnlyForDeploymentPostprocessing = 0;
			shellPath = /bin/sh;
			shellScript = "diff \"${PODS_PODFILE_DIR_PATH}/Podfile.lock\" \"${PODS_ROOT}/Manifest.lock\" > /dev/null\nif [ $? != 0 ] ; then\n    # print error to STDERR\n    echo \"error: The sandbox is not in sync with the Podfile.lock. Run 'pod install' or update your CocoaPods installation.\" >&2\n    exit 1\nfi\n";
			showEnvVarsInLog = 0;
		};
		99B119D39E6220181C503C22 /* [CP] Copy Pods Resources */ = {
			isa = PBXShellScriptBuildPhase;
			buildActionMask = 2147483647;
			files = (
			);
			inputPaths = (
			);
			name = "[CP] Copy Pods Resources";
			outputPaths = (
			);
			runOnlyForDeploymentPostprocessing = 0;
			shellPath = /bin/sh;
			shellScript = "\"${SRCROOT}/Pods/Target Support Files/Pods-MyRecharge/Pods-MyRecharge-resources.sh\"\n";
			showEnvVarsInLog = 0;
		};
		BA077531E6163937E0C865DD /* [CP] Embed Pods Frameworks */ = {
			isa = PBXShellScriptBuildPhase;
			buildActionMask = 2147483647;
			files = (
			);
			inputPaths = (
			);
			name = "[CP] Embed Pods Frameworks";
			outputPaths = (
			);
			runOnlyForDeploymentPostprocessing = 0;
			shellPath = /bin/sh;
			shellScript = "\"${SRCROOT}/Pods/Target Support Files/Pods-MyRechargeUITests/Pods-MyRechargeUITests-frameworks.sh\"\n";
			showEnvVarsInLog = 0;
		};
		BE0FFA1F8BA6450C18470559 /* [CP] Check Pods Manifest.lock */ = {
			isa = PBXShellScriptBuildPhase;
			buildActionMask = 2147483647;
			files = (
			);
			inputPaths = (
			);
			name = "[CP] Check Pods Manifest.lock";
			outputPaths = (
			);
			runOnlyForDeploymentPostprocessing = 0;
			shellPath = /bin/sh;
			shellScript = "diff \"${PODS_PODFILE_DIR_PATH}/Podfile.lock\" \"${PODS_ROOT}/Manifest.lock\" > /dev/null\nif [ $? != 0 ] ; then\n    # print error to STDERR\n    echo \"error: The sandbox is not in sync with the Podfile.lock. Run 'pod install' or update your CocoaPods installation.\" >&2\n    exit 1\nfi\n";
			showEnvVarsInLog = 0;
		};
/* End PBXShellScriptBuildPhase section */

/* Begin PBXSourcesBuildPhase section */
		84D9BA071EC36F58009042CB /* Sources */ = {
			isa = PBXSourcesBuildPhase;
			buildActionMask = 2147483647;
			files = (
				84D9BA171EC36F58009042CB /* MyRecharge.xcdatamodeld in Sources */,
				841E803E1ED6018700F43B8D /* SocialLoginService.swift in Sources */,
				849815541EC627ED009CEF7F /* MRChooseNetworkVC.swift in Sources */,
				84D9BA531EC393D0009042CB /* MRPreferences.swift in Sources */,
				84D9BA111EC36F58009042CB /* MRLoginVC.swift in Sources */,
				84B552611ED8B2AE003266E9 /* MRPaymentVC.swift in Sources */,
				8414D8371ED9ECA9000476DB /* MRAlertView.swift in Sources */,
				849815561EC62825009CEF7F /* MRNetworkCVCell.swift in Sources */,
				84D9BA0F1EC36F58009042CB /* AppDelegate.swift in Sources */,
				849815581EC62DD1009CEF7F /* MROperator.swift in Sources */,
				842590DD1ED89D7C00198D0F /* MRTariffPlansVC.swift in Sources */,
				84D9BA501EC37D65009042CB /* MRDatabase.swift in Sources */,
			);
			runOnlyForDeploymentPostprocessing = 0;
		};
		84D9BA1E1EC36F59009042CB /* Sources */ = {
			isa = PBXSourcesBuildPhase;
			buildActionMask = 2147483647;
			files = (
				84D9BA271EC36F59009042CB /* MyRechargeTests.swift in Sources */,
			);
			runOnlyForDeploymentPostprocessing = 0;
		};
		84D9BA291EC36F59009042CB /* Sources */ = {
			isa = PBXSourcesBuildPhase;
			buildActionMask = 2147483647;
			files = (
				84D9BA321EC36F59009042CB /* MyRechargeUITests.swift in Sources */,
			);
			runOnlyForDeploymentPostprocessing = 0;
		};
/* End PBXSourcesBuildPhase section */

/* Begin PBXTargetDependency section */
		84D9BA241EC36F59009042CB /* PBXTargetDependency */ = {
			isa = PBXTargetDependency;
			target = 84D9BA0A1EC36F58009042CB /* MyRecharge */;
			targetProxy = 84D9BA231EC36F59009042CB /* PBXContainerItemProxy */;
		};
		84D9BA2F1EC36F59009042CB /* PBXTargetDependency */ = {
			isa = PBXTargetDependency;
			target = 84D9BA0A1EC36F58009042CB /* MyRecharge */;
			targetProxy = 84D9BA2E1EC36F59009042CB /* PBXContainerItemProxy */;
		};
/* End PBXTargetDependency section */

/* Begin PBXVariantGroup section */
		84D9BA121EC36F58009042CB /* Main.storyboard */ = {
			isa = PBXVariantGroup;
			children = (
				84D9BA131EC36F58009042CB /* Base */,
			);
			name = Main.storyboard;
			sourceTree = "<group>";
		};
		84D9BA1A1EC36F58009042CB /* LaunchScreen.storyboard */ = {
			isa = PBXVariantGroup;
			children = (
				84D9BA1B1EC36F58009042CB /* Base */,
			);
			name = LaunchScreen.storyboard;
			sourceTree = "<group>";
		};
/* End PBXVariantGroup section */

/* Begin XCBuildConfiguration section */
		84D9BA341EC36F59009042CB /* Debug */ = {
			isa = XCBuildConfiguration;
			buildSettings = {
				ALWAYS_SEARCH_USER_PATHS = NO;
				CLANG_ANALYZER_NONNULL = YES;
				CLANG_CXX_LANGUAGE_STANDARD = "gnu++0x";
				CLANG_CXX_LIBRARY = "libc++";
				CLANG_ENABLE_MODULES = YES;
				CLANG_ENABLE_OBJC_ARC = YES;
				CLANG_WARN_BOOL_CONVERSION = YES;
				CLANG_WARN_CONSTANT_CONVERSION = YES;
				CLANG_WARN_DIRECT_OBJC_ISA_USAGE = YES_ERROR;
				CLANG_WARN_DOCUMENTATION_COMMENTS = YES;
				CLANG_WARN_EMPTY_BODY = YES;
				CLANG_WARN_ENUM_CONVERSION = YES;
				CLANG_WARN_INFINITE_RECURSION = YES;
				CLANG_WARN_INT_CONVERSION = YES;
				CLANG_WARN_OBJC_ROOT_CLASS = YES_ERROR;
				CLANG_WARN_SUSPICIOUS_MOVE = YES;
				CLANG_WARN_UNREACHABLE_CODE = YES;
				CLANG_WARN__DUPLICATE_METHOD_MATCH = YES;
				"CODE_SIGN_IDENTITY[sdk=iphoneos*]" = "iPhone Developer";
				COPY_PHASE_STRIP = NO;
				DEBUG_INFORMATION_FORMAT = dwarf;
				ENABLE_STRICT_OBJC_MSGSEND = YES;
				ENABLE_TESTABILITY = YES;
				GCC_C_LANGUAGE_STANDARD = gnu99;
				GCC_DYNAMIC_NO_PIC = NO;
				GCC_NO_COMMON_BLOCKS = YES;
				GCC_OPTIMIZATION_LEVEL = 0;
				GCC_PREPROCESSOR_DEFINITIONS = (
					"DEBUG=1",
					"$(inherited)",
				);
				GCC_WARN_64_TO_32_BIT_CONVERSION = YES;
				GCC_WARN_ABOUT_RETURN_TYPE = YES_ERROR;
				GCC_WARN_UNDECLARED_SELECTOR = YES;
				GCC_WARN_UNINITIALIZED_AUTOS = YES_AGGRESSIVE;
				GCC_WARN_UNUSED_FUNCTION = YES;
				GCC_WARN_UNUSED_VARIABLE = YES;
				IPHONEOS_DEPLOYMENT_TARGET = 10.2;
				MTL_ENABLE_DEBUG_INFO = YES;
				ONLY_ACTIVE_ARCH = YES;
				SDKROOT = iphoneos;
				SWIFT_ACTIVE_COMPILATION_CONDITIONS = DEBUG;
				SWIFT_OPTIMIZATION_LEVEL = "-Onone";
				TARGETED_DEVICE_FAMILY = "1,2";
			};
			name = Debug;
		};
		84D9BA351EC36F59009042CB /* Release */ = {
			isa = XCBuildConfiguration;
			buildSettings = {
				ALWAYS_SEARCH_USER_PATHS = NO;
				CLANG_ANALYZER_NONNULL = YES;
				CLANG_CXX_LANGUAGE_STANDARD = "gnu++0x";
				CLANG_CXX_LIBRARY = "libc++";
				CLANG_ENABLE_MODULES = YES;
				CLANG_ENABLE_OBJC_ARC = YES;
				CLANG_WARN_BOOL_CONVERSION = YES;
				CLANG_WARN_CONSTANT_CONVERSION = YES;
				CLANG_WARN_DIRECT_OBJC_ISA_USAGE = YES_ERROR;
				CLANG_WARN_DOCUMENTATION_COMMENTS = YES;
				CLANG_WARN_EMPTY_BODY = YES;
				CLANG_WARN_ENUM_CONVERSION = YES;
				CLANG_WARN_INFINITE_RECURSION = YES;
				CLANG_WARN_INT_CONVERSION = YES;
				CLANG_WARN_OBJC_ROOT_CLASS = YES_ERROR;
				CLANG_WARN_SUSPICIOUS_MOVE = YES;
				CLANG_WARN_UNREACHABLE_CODE = YES;
				CLANG_WARN__DUPLICATE_METHOD_MATCH = YES;
				"CODE_SIGN_IDENTITY[sdk=iphoneos*]" = "iPhone Developer";
				COPY_PHASE_STRIP = NO;
				DEBUG_INFORMATION_FORMAT = "dwarf-with-dsym";
				ENABLE_NS_ASSERTIONS = NO;
				ENABLE_STRICT_OBJC_MSGSEND = YES;
				GCC_C_LANGUAGE_STANDARD = gnu99;
				GCC_NO_COMMON_BLOCKS = YES;
				GCC_WARN_64_TO_32_BIT_CONVERSION = YES;
				GCC_WARN_ABOUT_RETURN_TYPE = YES_ERROR;
				GCC_WARN_UNDECLARED_SELECTOR = YES;
				GCC_WARN_UNINITIALIZED_AUTOS = YES_AGGRESSIVE;
				GCC_WARN_UNUSED_FUNCTION = YES;
				GCC_WARN_UNUSED_VARIABLE = YES;
				IPHONEOS_DEPLOYMENT_TARGET = 10.2;
				MTL_ENABLE_DEBUG_INFO = NO;
				SDKROOT = iphoneos;
				SWIFT_OPTIMIZATION_LEVEL = "-Owholemodule";
				TARGETED_DEVICE_FAMILY = "1,2";
				VALIDATE_PRODUCT = YES;
			};
			name = Release;
		};
		84D9BA371EC36F59009042CB /* Debug */ = {
			isa = XCBuildConfiguration;
			baseConfigurationReference = 4A14A395165070F6AED816FF /* Pods-MyRecharge.debug.xcconfig */;
			buildSettings = {
				ASSETCATALOG_COMPILER_APPICON_NAME = AppIcon;
				FRAMEWORK_SEARCH_PATHS = (
					"$(inherited)",
					"$(PROJECT_DIR)/MyRecharge/FBSDK",
				);
				INFOPLIST_FILE = MyRecharge/Info.plist;
				LD_RUNPATH_SEARCH_PATHS = "$(inherited) @executable_path/Frameworks";
				PRODUCT_BUNDLE_IDENTIFIER = Marvel.MyRecharge;
				PRODUCT_NAME = "$(TARGET_NAME)";
				SWIFT_VERSION = 3.0;
			};
			name = Debug;
		};
		84D9BA381EC36F59009042CB /* Release */ = {
			isa = XCBuildConfiguration;
			baseConfigurationReference = 45E97DB69501D918635CF175 /* Pods-MyRecharge.release.xcconfig */;
			buildSettings = {
				ASSETCATALOG_COMPILER_APPICON_NAME = AppIcon;
				FRAMEWORK_SEARCH_PATHS = (
					"$(inherited)",
					"$(PROJECT_DIR)/MyRecharge/FBSDK",
				);
				INFOPLIST_FILE = MyRecharge/Info.plist;
				LD_RUNPATH_SEARCH_PATHS = "$(inherited) @executable_path/Frameworks";
				PRODUCT_BUNDLE_IDENTIFIER = Marvel.MyRecharge;
				PRODUCT_NAME = "$(TARGET_NAME)";
				SWIFT_VERSION = 3.0;
			};
			name = Release;
		};
		84D9BA3A1EC36F59009042CB /* Debug */ = {
			isa = XCBuildConfiguration;
			baseConfigurationReference = 33909D8DBF4E34BDF8AE74C6 /* Pods-MyRechargeTests.debug.xcconfig */;
			buildSettings = {
				ALWAYS_EMBED_SWIFT_STANDARD_LIBRARIES = YES;
				BUNDLE_LOADER = "$(TEST_HOST)";
				INFOPLIST_FILE = MyRechargeTests/Info.plist;
				LD_RUNPATH_SEARCH_PATHS = "$(inherited) @executable_path/Frameworks @loader_path/Frameworks";
				PRODUCT_BUNDLE_IDENTIFIER = Marvel.MyRechargeTests;
				PRODUCT_NAME = "$(TARGET_NAME)";
				SWIFT_VERSION = 3.0;
				TEST_HOST = "$(BUILT_PRODUCTS_DIR)/MyRecharge.app/MyRecharge";
			};
			name = Debug;
		};
		84D9BA3B1EC36F59009042CB /* Release */ = {
			isa = XCBuildConfiguration;
			baseConfigurationReference = F917F9A59F38D4B45391BCA4 /* Pods-MyRechargeTests.release.xcconfig */;
			buildSettings = {
				ALWAYS_EMBED_SWIFT_STANDARD_LIBRARIES = YES;
				BUNDLE_LOADER = "$(TEST_HOST)";
				INFOPLIST_FILE = MyRechargeTests/Info.plist;
				LD_RUNPATH_SEARCH_PATHS = "$(inherited) @executable_path/Frameworks @loader_path/Frameworks";
				PRODUCT_BUNDLE_IDENTIFIER = Marvel.MyRechargeTests;
				PRODUCT_NAME = "$(TARGET_NAME)";
				SWIFT_VERSION = 3.0;
				TEST_HOST = "$(BUILT_PRODUCTS_DIR)/MyRecharge.app/MyRecharge";
			};
			name = Release;
		};
		84D9BA3D1EC36F59009042CB /* Debug */ = {
			isa = XCBuildConfiguration;
			baseConfigurationReference = 7EF3F7B118D3E53EB20FB5E2 /* Pods-MyRechargeUITests.debug.xcconfig */;
			buildSettings = {
				ALWAYS_EMBED_SWIFT_STANDARD_LIBRARIES = YES;
				INFOPLIST_FILE = MyRechargeUITests/Info.plist;
				LD_RUNPATH_SEARCH_PATHS = "$(inherited) @executable_path/Frameworks @loader_path/Frameworks";
				PRODUCT_BUNDLE_IDENTIFIER = Marvel.MyRechargeUITests;
				PRODUCT_NAME = "$(TARGET_NAME)";
				SWIFT_VERSION = 3.0;
				TEST_TARGET_NAME = MyRecharge;
			};
			name = Debug;
		};
		84D9BA3E1EC36F59009042CB /* Release */ = {
			isa = XCBuildConfiguration;
			baseConfigurationReference = C70ABDCCAAAED8F4CF18121C /* Pods-MyRechargeUITests.release.xcconfig */;
			buildSettings = {
				ALWAYS_EMBED_SWIFT_STANDARD_LIBRARIES = YES;
				INFOPLIST_FILE = MyRechargeUITests/Info.plist;
				LD_RUNPATH_SEARCH_PATHS = "$(inherited) @executable_path/Frameworks @loader_path/Frameworks";
				PRODUCT_BUNDLE_IDENTIFIER = Marvel.MyRechargeUITests;
				PRODUCT_NAME = "$(TARGET_NAME)";
				SWIFT_VERSION = 3.0;
				TEST_TARGET_NAME = MyRecharge;
			};
			name = Release;
		};
/* End XCBuildConfiguration section */

/* Begin XCConfigurationList section */
		84D9BA061EC36F57009042CB /* Build configuration list for PBXProject "MyRecharge" */ = {
			isa = XCConfigurationList;
			buildConfigurations = (
				84D9BA341EC36F59009042CB /* Debug */,
				84D9BA351EC36F59009042CB /* Release */,
			);
			defaultConfigurationIsVisible = 0;
			defaultConfigurationName = Release;
		};
		84D9BA361EC36F59009042CB /* Build configuration list for PBXNativeTarget "MyRecharge" */ = {
			isa = XCConfigurationList;
			buildConfigurations = (
				84D9BA371EC36F59009042CB /* Debug */,
				84D9BA381EC36F59009042CB /* Release */,
			);
			defaultConfigurationIsVisible = 0;
			defaultConfigurationName = Release;
		};
		84D9BA391EC36F59009042CB /* Build configuration list for PBXNativeTarget "MyRechargeTests" */ = {
			isa = XCConfigurationList;
			buildConfigurations = (
				84D9BA3A1EC36F59009042CB /* Debug */,
				84D9BA3B1EC36F59009042CB /* Release */,
			);
			defaultConfigurationIsVisible = 0;
			defaultConfigurationName = Release;
		};
		84D9BA3C1EC36F59009042CB /* Build configuration list for PBXNativeTarget "MyRechargeUITests" */ = {
			isa = XCConfigurationList;
			buildConfigurations = (
				84D9BA3D1EC36F59009042CB /* Debug */,
				84D9BA3E1EC36F59009042CB /* Release */,
			);
			defaultConfigurationIsVisible = 0;
			defaultConfigurationName = Release;
		};
/* End XCConfigurationList section */

/* Begin XCVersionGroup section */
		84D9BA151EC36F58009042CB /* MyRecharge.xcdatamodeld */ = {
			isa = XCVersionGroup;
			children = (
				84D9BA161EC36F58009042CB /* MyRecharge.xcdatamodel */,
			);
			currentVersion = 84D9BA161EC36F58009042CB /* MyRecharge.xcdatamodel */;
			path = MyRecharge.xcdatamodeld;
			sourceTree = "<group>";
			versionGroupType = wrapper.xcdatamodel;
		};
/* End XCVersionGroup section */
	};
	rootObject = 84D9BA031EC36F57009042CB /* Project object */;
}
